{
  "object": {
    "pins": [
      {
        "package": "ios_system",
        "repositoryURL": "https://github.com/holzschu/ios_system.git",
        "state": {
          "branch": "master",
          "revision": "ba79f56d03e03b5ee741191e5c7d5564b41678e4",
          "version": null
        }
      }
    ]
  },
  "version": 1
}
